// !$*UTF8*$!
{
	archiveVersion = 1;
	classes = {
	};
	objectVersion = 46;
	objects = {

/* Begin PBXBuildFile section */
		1A054F6A1B80131B005E0100 /* MainMenu.xib in Resources */ = {isa = PBXBuildFile; fileRef = 1A054F681B80131B005E0100 /* MainMenu.xib */; };
		1A054F821B801369005E0100 /* main.m in Sources */ = {isa = PBXBuildFile; fileRef = 1A054F801B801369005E0100 /* main.m */; };
		1A054F861B80137E005E0100 /* AppDelegate.m in Sources */ = {isa = PBXBuildFile; fileRef = 1A054F851B80137E005E0100 /* AppDelegate.m */; };
		1A054F891B80138C005E0100 /* Images.xcassets in Resources */ = {isa = PBXBuildFile; fileRef = 1A054F881B80138C005E0100 /* Images.xcassets */; };
		1A054F8E1B801403005E0100 /* ShowTime.entitlements in Resources */ = {isa = PBXBuildFile; fileRef = 1A054F8D1B801403005E0100 /* ShowTime.entitlements */; };
/* End PBXBuildFile section */

/* Begin PBXFileReference section */
		1A054F5C1B80131B005E0100 /* ShowTime.app */ = {isa = PBXFileReference; explicitFileType = wrapper.application; includeInIndex = 0; path = ShowTime.app; sourceTree = BUILT_PRODUCTS_DIR; };
		1A054F691B80131B005E0100 /* Base */ = {isa = PBXFileReference; lastKnownFileType = file.xib; name = Base; path = Base.lproj/MainMenu.xib; sourceTree = "<group>"; };
		1A054F7F1B801369005E0100 /* Info.plist */ = {isa = PBXFileReference; fileEncoding = 4; lastKnownFileType = text.plist.xml; name = Info.plist; path = Support/Info.plist; sourceTree = "<group>"; };
		1A054F801B801369005E0100 /* main.m */ = {isa = PBXFileReference; fileEncoding = 4; lastKnownFileType = sourcecode.c.objc; name = main.m; path = Support/main.m; sourceTree = "<group>"; };
		1A054F841B80137E005E0100 /* AppDelegate.h */ = {isa = PBXFileReference; fileEncoding = 4; lastKnownFileType = sourcecode.c.h; name = AppDelegate.h; path = Delegates/AppDelegate.h; sourceTree = "<group>"; };
		1A054F851B80137E005E0100 /* AppDelegate.m */ = {isa = PBXFileReference; fileEncoding = 4; lastKnownFileType = sourcecode.c.objc; name = AppDelegate.m; path = Delegates/AppDelegate.m; sourceTree = "<group>"; };
		1A054F881B80138C005E0100 /* Images.xcassets */ = {isa = PBXFileReference; lastKnownFileType = folder.assetcatalog; name = Images.xcassets; path = Images/Images.xcassets; sourceTree = "<group>"; };
		1A054F8D1B801403005E0100 /* ShowTime.entitlements */ = {isa = PBXFileReference; fileEncoding = 4; lastKnownFileType = text.xml; name = ShowTime.entitlements; path = Entitlements/ShowTime.entitlements; sourceTree = "<group>"; };
/* End PBXFileReference section */

/* Begin PBXFrameworksBuildPhase section */
		1A054F591B80131B005E0100 /* Frameworks */ = {
			isa = PBXFrameworksBuildPhase;
			buildActionMask = 2147483647;
			files = (
			);
			runOnlyForDeploymentPostprocessing = 0;
		};
/* End PBXFrameworksBuildPhase section */

/* Begin PBXGroup section */
		1A054F531B80131B005E0100 = {
			isa = PBXGroup;
			children = (
				1A054F5E1B80131B005E0100 /* ShowTime */,
				1A054F5D1B80131B005E0100 /* Products */,
			);
			sourceTree = "<group>";
		};
		1A054F5D1B80131B005E0100 /* Products */ = {
			isa = PBXGroup;
			children = (
				1A054F5C1B80131B005E0100 /* ShowTime.app */,
			);
			name = Products;
			sourceTree = "<group>";
		};
		1A054F5E1B80131B005E0100 /* ShowTime */ = {
			isa = PBXGroup;
			children = (
				1A054F8C1B8013DA005E0100 /* Entitilements */,
				1A054F831B801370005E0100 /* Delegates */,
				1A054F5F1B80131B005E0100 /* Support */,
				1A054F8A1B801399005E0100 /* Views */,
				1A054F871B801381005E0100 /* Images */,
			);
			path = ShowTime;
			sourceTree = "<group>";
		};
		1A054F5F1B80131B005E0100 /* Support */ = {
			isa = PBXGroup;
			children = (
				1A054F7F1B801369005E0100 /* Info.plist */,
				1A054F801B801369005E0100 /* main.m */,
			);
			name = Support;
			sourceTree = "<group>";
		};
		1A054F831B801370005E0100 /* Delegates */ = {
			isa = PBXGroup;
			children = (
				1A054F841B80137E005E0100 /* AppDelegate.h */,
				1A054F851B80137E005E0100 /* AppDelegate.m */,
			);
			name = Delegates;
			sourceTree = "<group>";
		};
		1A054F871B801381005E0100 /* Images */ = {
			isa = PBXGroup;
			children = (
				1A054F881B80138C005E0100 /* Images.xcassets */,
			);
			name = Images;
			sourceTree = "<group>";
		};
		1A054F8A1B801399005E0100 /* Views */ = {
			isa = PBXGroup;
			children = (
				1A054F681B80131B005E0100 /* MainMenu.xib */,
			);
			name = Views;
			sourceTree = "<group>";
		};
		1A054F8C1B8013DA005E0100 /* Entitilements */ = {
			isa = PBXGroup;
			children = (
				1A054F8D1B801403005E0100 /* ShowTime.entitlements */,
			);
			name = Entitilements;
			sourceTree = "<group>";
		};
/* End PBXGroup section */

/* Begin PBXNativeTarget section */
		1A054F5B1B80131B005E0100 /* ShowTime */ = {
			isa = PBXNativeTarget;
			buildConfigurationList = 1A054F791B80131C005E0100 /* Build configuration list for PBXNativeTarget "ShowTime" */;
			buildPhases = (
				1A054F581B80131B005E0100 /* Sources */,
				1A054F591B80131B005E0100 /* Frameworks */,
				1A054F5A1B80131B005E0100 /* Resources */,
			);
			buildRules = (
			);
			dependencies = (
			);
			name = ShowTime;
			productName = ShowTime;
			productReference = 1A054F5C1B80131B005E0100 /* ShowTime.app */;
			productType = "com.apple.product-type.application";
		};
/* End PBXNativeTarget section */

/* Begin PBXProject section */
		1A054F541B80131B005E0100 /* Project object */ = {
			isa = PBXProject;
			attributes = {
				LastUpgradeCheck = 0640;
				ORGANIZATIONNAME = GRAVVITY;
				TargetAttributes = {
					1A054F5B1B80131B005E0100 = {
						CreatedOnToolsVersion = 6.4;
						DevelopmentTeam = D474HU5D6W;
						SystemCapabilities = {
							com.apple.Sandbox = {
								enabled = 1;
							};
						};
					};
				};
			};
			buildConfigurationList = 1A054F571B80131B005E0100 /* Build configuration list for PBXProject "ShowTime" */;
			compatibilityVersion = "Xcode 3.2";
			developmentRegion = English;
			hasScannedForEncodings = 0;
			knownRegions = (
				en,
				Base,
			);
			mainGroup = 1A054F531B80131B005E0100;
			productRefGroup = 1A054F5D1B80131B005E0100 /* Products */;
			projectDirPath = "";
			projectRoot = "";
			targets = (
				1A054F5B1B80131B005E0100 /* ShowTime */,
			);
		};
/* End PBXProject section */

/* Begin PBXResourcesBuildPhase section */
		1A054F5A1B80131B005E0100 /* Resources */ = {
			isa = PBXResourcesBuildPhase;
			buildActionMask = 2147483647;
			files = (
				1A054F891B80138C005E0100 /* Images.xcassets in Resources */,
				1A054F6A1B80131B005E0100 /* MainMenu.xib in Resources */,
				1A054F8E1B801403005E0100 /* ShowTime.entitlements in Resources */,
			);
			runOnlyForDeploymentPostprocessing = 0;
		};
/* End PBXResourcesBuildPhase section */

/* Begin PBXSourcesBuildPhase section */
		1A054F581B80131B005E0100 /* Sources */ = {
			isa = PBXSourcesBuildPhase;
			buildActionMask = 2147483647;
			files = (
				1A054F861B80137E005E0100 /* AppDelegate.m in Sources */,
				1A054F821B801369005E0100 /* main.m in Sources */,
			);
			runOnlyForDeploymentPostprocessing = 0;
		};
/* End PBXSourcesBuildPhase section */

/* Begin PBXVariantGroup section */
		1A054F681B80131B005E0100 /* MainMenu.xib */ = {
			isa = PBXVariantGroup;
			children = (
				1A054F691B80131B005E0100 /* Base */,
			);
			name = MainMenu.xib;
			sourceTree = "<group>";
		};
/* End PBXVariantGroup section */

/* Begin XCBuildConfiguration section */
		1A054F771B80131C005E0100 /* Debug */ = {
			isa = XCBuildConfiguration;
			buildSettings = {
				ALWAYS_SEARCH_USER_PATHS = NO;
				CLANG_CXX_LANGUAGE_STANDARD = "gnu++0x";
				CLANG_CXX_LIBRARY = "libc++";
				CLANG_ENABLE_MODULES = YES;
				CLANG_ENABLE_OBJC_ARC = YES;
				CLANG_WARN_BOOL_CONVERSION = YES;
				CLANG_WARN_CONSTANT_CONVERSION = YES;
				CLANG_WARN_DIRECT_OBJC_ISA_USAGE = YES_ERROR;
				CLANG_WARN_EMPTY_BODY = YES;
				CLANG_WARN_ENUM_CONVERSION = YES;
				CLANG_WARN_INT_CONVERSION = YES;
				CLANG_WARN_OBJC_ROOT_CLASS = YES_ERROR;
				CLANG_WARN_UNREACHABLE_CODE = YES;
				CLANG_WARN__DUPLICATE_METHOD_MATCH = YES;
				CODE_SIGN_IDENTITY = "-";
				COPY_PHASE_STRIP = NO;
				DEBUG_INFORMATION_FORMAT = dwarf;
				ENABLE_STRICT_OBJC_MSGSEND = YES;
				GCC_C_LANGUAGE_STANDARD = gnu99;
				GCC_DYNAMIC_NO_PIC = NO;
				GCC_NO_COMMON_BLOCKS = YES;
				GCC_OPTIMIZATION_LEVEL = 0;
				GCC_PREPROCESSOR_DEFINITIONS = (
					"DEBUG=1",
					"$(inherited)",
				);
				GCC_SYMBOLS_PRIVATE_EXTERN = NO;
				GCC_WARN_64_TO_32_BIT_CONVERSION = YES;
				GCC_WARN_ABOUT_RETURN_TYPE = YES_ERROR;
				GCC_WARN_UNDECLARED_SELECTOR = YES;
				GCC_WARN_UNINITIALIZED_AUTOS = YES_AGGRESSIVE;
				GCC_WARN_UNUSED_FUNCTION = YES;
				GCC_WARN_UNUSED_VARIABLE = YES;
				MACOSX_DEPLOYMENT_TARGET = 10.10;
				MTL_ENABLE_DEBUG_INFO = YES;
				ONLY_ACTIVE_ARCH = YES;
				SDKROOT = macosx;
			};
			name = Debug;
		};
		1A054F781B80131C005E0100 /* Release */ = {
			isa = XCBuildConfiguration;
			buildSettings = {
				ALWAYS_SEARCH_USER_PATHS = NO;
				CLANG_CXX_LANGUAGE_STANDARD = "gnu++0x";
				CLANG_CXX_LIBRARY = "libc++";
				CLANG_ENABLE_MODULES = YES;
				CLANG_ENABLE_OBJC_ARC = YES;
				CLANG_WARN_BOOL_CONVERSION = YES;
				CLANG_WARN_CONSTANT_CONVERSION = YES;
				CLANG_WARN_DIRECT_OBJC_ISA_USAGE = YES_ERROR;
				CLANG_WARN_EMPTY_BODY = YES;
				CLANG_WARN_ENUM_CONVERSION = YES;
				CLANG_WARN_INT_CONVERSION = YES;
				CLANG_WARN_OBJC_ROOT_CLASS = YES_ERROR;
				CLANG_WARN_UNREACHABLE_CODE = YES;
				CLANG_WARN__DUPLICATE_METHOD_MATCH = YES;
				CODE_SIGN_IDENTITY = "-";
				COPY_PHASE_STRIP = NO;
				DEBUG_INFORMATION_FORMAT = "dwarf-with-dsym";
				ENABLE_NS_ASSERTIONS = NO;
				ENABLE_STRICT_OBJC_MSGSEND = YES;
				GCC_C_LANGUAGE_STANDARD = gnu99;
				GCC_NO_COMMON_BLOCKS = YES;
				GCC_WARN_64_TO_32_BIT_CONVERSION = YES;
				GCC_WARN_ABOUT_RETURN_TYPE = YES_ERROR;
				GCC_WARN_UNDECLARED_SELECTOR = YES;
				GCC_WARN_UNINITIALIZED_AUTOS = YES_AGGRESSIVE;
				GCC_WARN_UNUSED_FUNCTION = YES;
				GCC_WARN_UNUSED_VARIABLE = YES;
				MACOSX_DEPLOYMENT_TARGET = 10.10;
				MTL_ENABLE_DEBUG_INFO = NO;
				SDKROOT = macosx;
			};
			name = Release;
		};
		1A054F7A1B80131C005E0100 /* Debug */ = {
			isa = XCBuildConfiguration;
			buildSettings = {
				ASSETCATALOG_COMPILER_APPICON_NAME = AppIcon;
				CODE_SIGN_ENTITLEMENTS = ShowTime/Entitlements/ShowTime.entitlements;
				CODE_SIGN_IDENTITY = "Mac Developer";
				COMBINE_HIDPI_IMAGES = YES;
				INFOPLIST_FILE = "$(SRCROOT)/ShowTime/Support/Info.plist";
				LD_RUNPATH_SEARCH_PATHS = "$(inherited) @executable_path/../Frameworks";
				PRODUCT_NAME = "$(TARGET_NAME)";
			};
			name = Debug;
		};
		1A054F7B1B80131C005E0100 /* Release */ = {
			isa = XCBuildConfiguration;
			buildSettings = {
				ASSETCATALOG_COMPILER_APPICON_NAME = AppIcon;
				CODE_SIGN_ENTITLEMENTS = ShowTime/Entitlements/ShowTime.entitlements;
				CODE_SIGN_IDENTITY = "Mac Developer";
				COMBINE_HIDPI_IMAGES = YES;
				INFOPLIST_FILE = "$(SRCROOT)/ShowTime/Support/Info.plist";
				LD_RUNPATH_SEARCH_PATHS = "$(inherited) @executable_path/../Frameworks";
				PRODUCT_NAME = "$(TARGET_NAME)";
			};
			name = Release;
		};
/* End XCBuildConfiguration section */

/* Begin XCConfigurationList section */
		1A054F571B80131B005E0100 /* Build configuration list for PBXProject "ShowTime" */ = {
			isa = XCConfigurationList;
			buildConfigurations = (
				1A054F771B80131C005E0100 /* Debug */,
				1A054F781B80131C005E0100 /* Release */,
			);
			defaultConfigurationIsVisible = 0;
			defaultConfigurationName = Release;
		};
		1A054F791B80131C005E0100 /* Build configuration list for PBXNativeTarget "ShowTime" */ = {
			isa = XCConfigurationList;
			buildConfigurations = (
				1A054F7A1B80131C005E0100 /* Debug */,
				1A054F7B1B80131C005E0100 /* Release */,
			);
			defaultConfigurationIsVisible = 0;
		};
/* End XCConfigurationList section */
	};
	rootObject = 1A054F541B80131B005E0100 /* Project object */;
}
